// !$*UTF8*$!
{
	archiveVersion = 1;
	classes = {
	};
	objectVersion = 46;
	objects = {

/* Begin PBXBuildFile section */
		2D26B5BF1EA58AFB000E16DA /* TweetCell.swift in Sources */ = {isa = PBXBuildFile; fileRef = 2D26B5BE1EA58AFB000E16DA /* TweetCell.swift */; };
		2DAD43401EA2D05F00472DB5 /* AppDelegate.swift in Sources */ = {isa = PBXBuildFile; fileRef = 2DAD433F1EA2D05F00472DB5 /* AppDelegate.swift */; };
		2DAD43421EA2D05F00472DB5 /* ViewController.swift in Sources */ = {isa = PBXBuildFile; fileRef = 2DAD43411EA2D05F00472DB5 /* ViewController.swift */; };
		2DAD43451EA2D05F00472DB5 /* Main.storyboard in Resources */ = {isa = PBXBuildFile; fileRef = 2DAD43431EA2D05F00472DB5 /* Main.storyboard */; };
		2DAD43471EA2D05F00472DB5 /* Assets.xcassets in Resources */ = {isa = PBXBuildFile; fileRef = 2DAD43461EA2D05F00472DB5 /* Assets.xcassets */; };
		2DAD434A1EA2D05F00472DB5 /* LaunchScreen.storyboard in Resources */ = {isa = PBXBuildFile; fileRef = 2DAD43481EA2D05F00472DB5 /* LaunchScreen.storyboard */; };
		2DAD43521EA2E13B00472DB5 /* DataGenerator.swift in Sources */ = {isa = PBXBuildFile; fileRef = 2DAD43511EA2E13B00472DB5 /* DataGenerator.swift */; };
		2DAD43541EA2FFD000472DB5 /* SwiftyJSON.swift in Sources */ = {isa = PBXBuildFile; fileRef = 2DAD43531EA2FFD000472DB5 /* SwiftyJSON.swift */; };
		2DAD43561EA3040C00472DB5 /* twittlerData.txt in Resources */ = {isa = PBXBuildFile; fileRef = 2DAD43551EA3040C00472DB5 /* twittlerData.txt */; };
/* End PBXBuildFile section */

/* Begin PBXFileReference section */
		2D26B5BE1EA58AFB000E16DA /* TweetCell.swift */ = {isa = PBXFileReference; fileEncoding = 4; lastKnownFileType = sourcecode.swift; path = TweetCell.swift; sourceTree = "<group>"; };
		2DAD433C1EA2D05F00472DB5 /* Twittler.app */ = {isa = PBXFileReference; explicitFileType = wrapper.application; includeInIndex = 0; path = Twittler.app; sourceTree = BUILT_PRODUCTS_DIR; };
		2DAD433F1EA2D05F00472DB5 /* AppDelegate.swift */ = {isa = PBXFileReference; lastKnownFileType = sourcecode.swift; path = AppDelegate.swift; sourceTree = "<group>"; };
		2DAD43411EA2D05F00472DB5 /* ViewController.swift */ = {isa = PBXFileReference; lastKnownFileType = sourcecode.swift; path = ViewController.swift; sourceTree = "<group>"; };
		2DAD43441EA2D05F00472DB5 /* Base */ = {isa = PBXFileReference; lastKnownFileType = file.storyboard; name = Base; path = Base.lproj/Main.storyboard; sourceTree = "<group>"; };
		2DAD43461EA2D05F00472DB5 /* Assets.xcassets */ = {isa = PBXFileReference; lastKnownFileType = folder.assetcatalog; path = Assets.xcassets; sourceTree = "<group>"; };
		2DAD43491EA2D05F00472DB5 /* Base */ = {isa = PBXFileReference; lastKnownFileType = file.storyboard; name = Base; path = Base.lproj/LaunchScreen.storyboard; sourceTree = "<group>"; };
		2DAD434B1EA2D05F00472DB5 /* Info.plist */ = {isa = PBXFileReference; lastKnownFileType = text.plist.xml; path = Info.plist; sourceTree = "<group>"; };
		2DAD43511EA2E13B00472DB5 /* DataGenerator.swift */ = {isa = PBXFileReference; fileEncoding = 4; lastKnownFileType = sourcecode.swift; path = DataGenerator.swift; sourceTree = "<group>"; };
		2DAD43531EA2FFD000472DB5 /* SwiftyJSON.swift */ = {isa = PBXFileReference; fileEncoding = 4; lastKnownFileType = sourcecode.swift; path = SwiftyJSON.swift; sourceTree = "<group>"; };
		2DAD43551EA3040C00472DB5 /* twittlerData.txt */ = {isa = PBXFileReference; fileEncoding = 4; lastKnownFileType = text; path = twittlerData.txt; sourceTree = "<group>"; };
/* End PBXFileReference section */

/* Begin PBXFrameworksBuildPhase section */
		2DAD43391EA2D05F00472DB5 /* Frameworks */ = {
			isa = PBXFrameworksBuildPhase;
			buildActionMask = 2147483647;
			files = (
			);
			runOnlyForDeploymentPostprocessing = 0;
		};
/* End PBXFrameworksBuildPhase section */

/* Begin PBXGroup section */
		2DAD43331EA2D05F00472DB5 = {
			isa = PBXGroup;
			children = (
				2DAD433E1EA2D05F00472DB5 /* Twittler */,
				2DAD433D1EA2D05F00472DB5 /* Products */,
			);
			sourceTree = "<group>";
		};
		2DAD433D1EA2D05F00472DB5 /* Products */ = {
			isa = PBXGroup;
			children = (
				2DAD433C1EA2D05F00472DB5 /* Twittler.app */,
			);
			name = Products;
			sourceTree = "<group>";
		};
		2DAD433E1EA2D05F00472DB5 /* Twittler */ = {
			isa = PBXGroup;
			children = (
				2DAD433F1EA2D05F00472DB5 /* AppDelegate.swift */,
				2DAD43411EA2D05F00472DB5 /* ViewController.swift */,
				2DAD43511EA2E13B00472DB5 /* DataGenerator.swift */,
				2DAD43551EA3040C00472DB5 /* twittlerData.txt */,
				2DAD43431EA2D05F00472DB5 /* Main.storyboard */,
				2DAD43461EA2D05F00472DB5 /* Assets.xcassets */,
				2DAD43531EA2FFD000472DB5 /* SwiftyJSON.swift */,
				2DAD43481EA2D05F00472DB5 /* LaunchScreen.storyboard */,
				2DAD434B1EA2D05F00472DB5 /* Info.plist */,
				2D26B5BE1EA58AFB000E16DA /* TweetCell.swift */,
			);
			path = Twittler;
			sourceTree = "<group>";
		};
/* End PBXGroup section */

/* Begin PBXNativeTarget section */
		2DAD433B1EA2D05F00472DB5 /* Twittler */ = {
			isa = PBXNativeTarget;
			buildConfigurationList = 2DAD434E1EA2D05F00472DB5 /* Build configuration list for PBXNativeTarget "Twittler" */;
			buildPhases = (
				2DAD43381EA2D05F00472DB5 /* Sources */,
				2DAD43391EA2D05F00472DB5 /* Frameworks */,
				2DAD433A1EA2D05F00472DB5 /* Resources */,
			);
			buildRules = (
			);
			dependencies = (
			);
			name = Twittler;
			productName = Twittler;
			productReference = 2DAD433C1EA2D05F00472DB5 /* Twittler.app */;
			productType = "com.apple.product-type.application";
		};
/* End PBXNativeTarget section */

/* Begin PBXProject section */
		2DAD43341EA2D05F00472DB5 /* Project object */ = {
			isa = PBXProject;
			attributes = {
				LastSwiftUpdateCheck = 0820;
				LastUpgradeCheck = 0820;
				ORGANIZATIONNAME = "Ryan Lee";
				TargetAttributes = {
					2DAD433B1EA2D05F00472DB5 = {
						CreatedOnToolsVersion = 8.2.1;
						DevelopmentTeam = 57TPTK935L;
						ProvisioningStyle = Automatic;
					};
				};
			};
			buildConfigurationList = 2DAD43371EA2D05F00472DB5 /* Build configuration list for PBXProject "Twittler" */;
			compatibilityVersion = "Xcode 3.2";
			developmentRegion = English;
			hasScannedForEncodings = 0;
			knownRegions = (
				en,
				Base,
			);
			mainGroup = 2DAD43331EA2D05F00472DB5;
			productRefGroup = 2DAD433D1EA2D05F00472DB5 /* Products */;
			projectDirPath = "";
			projectRoot = "";
			targets = (
				2DAD433B1EA2D05F00472DB5 /* Twittler */,
			);
		};
/* End PBXProject section */

/* Begin PBXResourcesBuildPhase section */
		2DAD433A1EA2D05F00472DB5 /* Resources */ = {
			isa = PBXResourcesBuildPhase;
			buildActionMask = 2147483647;
			files = (
				2DAD434A1EA2D05F00472DB5 /* LaunchScreen.storyboard in Resources */,
				2DAD43471EA2D05F00472DB5 /* Assets.xcassets in Resources */,
				2DAD43451EA2D05F00472DB5 /* Main.storyboard in Resources */,
				2DAD43561EA3040C00472DB5 /* twittlerData.txt in Resources */,
			);
			runOnlyForDeploymentPostprocessing = 0;
		};
/* End PBXResourcesBuildPhase section */

/* Begin PBXSourcesBuildPhase section */
		2DAD43381EA2D05F00472DB5 /* Sources */ = {
			isa = PBXSourcesBuildPhase;
			buildActionMask = 2147483647;
			files = (
				2DAD43421EA2D05F00472DB5 /* ViewController.swift in Sources */,
				2DAD43521EA2E13B00472DB5 /* DataGenerator.swift in Sources */,
				2D26B5BF1EA58AFB000E16DA /* TweetCell.swift in Sources */,
				2DAD43401EA2D05F00472DB5 /* AppDelegate.swift in Sources */,
				2DAD43541EA2FFD000472DB5 /* SwiftyJSON.swift in Sources */,
			);
			runOnlyForDeploymentPostprocessing = 0;
		};
/* End PBXSourcesBuildPhase section */

/* Begin PBXVariantGroup section */
		2DAD43431EA2D05F00472DB5 /* Main.storyboard */ = {
			isa = PBXVariantGroup;
			children = (
				2DAD43441EA2D05F00472DB5 /* Base */,
			);
			name = Main.storyboard;
			sourceTree = "<group>";
		};
		2DAD43481EA2D05F00472DB5 /* LaunchScreen.storyboard */ = {
			isa = PBXVariantGroup;
			children = (
				2DAD43491EA2D05F00472DB5 /* Base */,
			);
			name = LaunchScreen.storyboard;
			sourceTree = "<group>";
		};
/* End PBXVariantGroup section */

/* Begin XCBuildConfiguration section */
		2DAD434C1EA2D05F00472DB5 /* Debug */ = {
			isa = XCBuildConfiguration;
			buildSettings = {
				ALWAYS_SEARCH_USER_PATHS = NO;
				CLANG_ANALYZER_NONNULL = YES;
				CLANG_CXX_LANGUAGE_STANDARD = "gnu++0x";
				CLANG_CXX_LIBRARY = "libc++";
				CLANG_ENABLE_MODULES = YES;
				CLANG_ENABLE_OBJC_ARC = YES;
				CLANG_WARN_BOOL_CONVERSION = YES;
				CLANG_WARN_CONSTANT_CONVERSION = YES;
				CLANG_WARN_DIRECT_OBJC_ISA_USAGE = YES_ERROR;
				CLANG_WARN_DOCUMENTATION_COMMENTS = YES;
				CLANG_WARN_EMPTY_BODY = YES;
				CLANG_WARN_ENUM_CONVERSION = YES;
				CLANG_WARN_INFINITE_RECURSION = YES;
				CLANG_WARN_INT_CONVERSION = YES;
				CLANG_WARN_OBJC_ROOT_CLASS = YES_ERROR;
				CLANG_WARN_SUSPICIOUS_MOVE = YES;
				CLANG_WARN_UNREACHABLE_CODE = YES;
				CLANG_WARN__DUPLICATE_METHOD_MATCH = YES;
				"CODE_SIGN_IDENTITY[sdk=iphoneos*]" = "iPhone Developer";
				COPY_PHASE_STRIP = NO;
				DEBUG_INFORMATION_FORMAT = dwarf;
				ENABLE_STRICT_OBJC_MSGSEND = YES;
				ENABLE_TESTABILITY = YES;
				GCC_C_LANGUAGE_STANDARD = gnu99;
				GCC_DYNAMIC_NO_PIC = NO;
				GCC_NO_COMMON_BLOCKS = YES;
				GCC_OPTIMIZATION_LEVEL = 0;
				GCC_PREPROCESSOR_DEFINITIONS = (
					"DEBUG=1",
					"$(inherited)",
				);
				GCC_WARN_64_TO_32_BIT_CONVERSION = YES;
				GCC_WARN_ABOUT_RETURN_TYPE = YES_ERROR;
				GCC_WARN_UNDECLARED_SELECTOR = YES;
				GCC_WARN_UNINITIALIZED_AUTOS = YES_AGGRESSIVE;
				GCC_WARN_UNUSED_FUNCTION = YES;
				GCC_WARN_UNUSED_VARIABLE = YES;
				IPHONEOS_DEPLOYMENT_TARGET = 10.2;
				MTL_ENABLE_DEBUG_INFO = YES;
				ONLY_ACTIVE_ARCH = YES;
				SDKROOT = iphoneos;
				SWIFT_ACTIVE_COMPILATION_CONDITIONS = DEBUG;
				SWIFT_OPTIMIZATION_LEVEL = "-Onone";
				TARGETED_DEVICE_FAMILY = 2;
			};
			name = Debug;
		};
		2DAD434D1EA2D05F00472DB5 /* Release */ = {
			isa = XCBuildConfiguration;
			buildSettings = {
				ALWAYS_SEARCH_USER_PATHS = NO;
				CLANG_ANALYZER_NONNULL = YES;
				CLANG_CXX_LANGUAGE_STANDARD = "gnu++0x";
				CLANG_CXX_LIBRARY = "libc++";
				CLANG_ENABLE_MODULES = YES;
				CLANG_ENABLE_OBJC_ARC = YES;
				CLANG_WARN_BOOL_CONVERSION = YES;
				CLANG_WARN_CONSTANT_CONVERSION = YES;
				CLANG_WARN_DIRECT_OBJC_ISA_USAGE = YES_ERROR;
				CLANG_WARN_DOCUMENTATION_COMMENTS = YES;
				CLANG_WARN_EMPTY_BODY = YES;
				CLANG_WARN_ENUM_CONVERSION = YES;
				CLANG_WARN_INFINITE_RECURSION = YES;
				CLANG_WARN_INT_CONVERSION = YES;
				CLANG_WARN_OBJC_ROOT_CLASS = YES_ERROR;
				CLANG_WARN_SUSPICIOUS_MOVE = YES;
				CLANG_WARN_UNREACHABLE_CODE = YES;
				CLANG_WARN__DUPLICATE_METHOD_MATCH = YES;
				"CODE_SIGN_IDENTITY[sdk=iphoneos*]" = "iPhone Developer";
				COPY_PHASE_STRIP = NO;
				DEBUG_INFORMATION_FORMAT = "dwarf-with-dsym";
				ENABLE_NS_ASSERTIONS = NO;
				ENABLE_STRICT_OBJC_MSGSEND = YES;
				GCC_C_LANGUAGE_STANDARD = gnu99;
				GCC_NO_COMMON_BLOCKS = YES;
				GCC_WARN_64_TO_32_BIT_CONVERSION = YES;
				GCC_WARN_ABOUT_RETURN_TYPE = YES_ERROR;
				GCC_WARN_UNDECLARED_SELECTOR = YES;
				GCC_WARN_UNINITIALIZED_AUTOS = YES_AGGRESSIVE;
				GCC_WARN_UNUSED_FUNCTION = YES;
				GCC_WARN_UNUSED_VARIABLE = YES;
				IPHONEOS_DEPLOYMENT_TARGET = 10.2;
				MTL_ENABLE_DEBUG_INFO = NO;
				SDKROOT = iphoneos;
				SWIFT_OPTIMIZATION_LEVEL = "-Owholemodule";
				TARGETED_DEVICE_FAMILY = 2;
				VALIDATE_PRODUCT = YES;
			};
			name = Release;
		};
		2DAD434F1EA2D05F00472DB5 /* Debug */ = {
			isa = XCBuildConfiguration;
			buildSettings = {
				ASSETCATALOG_COMPILER_APPICON_NAME = AppIcon;
				DEVELOPMENT_TEAM = 57TPTK935L;
				INFOPLIST_FILE = Twittler/Info.plist;
				LD_RUNPATH_SEARCH_PATHS = "$(inherited) @executable_path/Frameworks";
				PRODUCT_BUNDLE_IDENTIFIER = com.ryanlee.Twittler;
				PRODUCT_NAME = "$(TARGET_NAME)";
				SWIFT_VERSION = 3.0;
				TARGETED_DEVICE_FAMILY = 1;
			};
			name = Debug;
		};
		2DAD43501EA2D05F00472DB5 /* Release */ = {
			isa = XCBuildConfiguration;
			buildSettings = {
				ASSETCATALOG_COMPILER_APPICON_NAME = AppIcon;
				DEVELOPMENT_TEAM = 57TPTK935L;
				INFOPLIST_FILE = Twittler/Info.plist;
				LD_RUNPATH_SEARCH_PATHS = "$(inherited) @executable_path/Frameworks";
				PRODUCT_BUNDLE_IDENTIFIER = com.ryanlee.Twittler;
				PRODUCT_NAME = "$(TARGET_NAME)";
				SWIFT_VERSION = 3.0;
				TARGETED_DEVICE_FAMILY = 1;
			};
			name = Release;
		};
/* End XCBuildConfiguration section */

/* Begin XCConfigurationList section */
		2DAD43371EA2D05F00472DB5 /* Build configuration list for PBXProject "Twittler" */ = {
			isa = XCConfigurationList;
			buildConfigurations = (
				2DAD434C1EA2D05F00472DB5 /* Debug */,
				2DAD434D1EA2D05F00472DB5 /* Release */,
			);
			defaultConfigurationIsVisible = 0;
			defaultConfigurationName = Release;
		};
		2DAD434E1EA2D05F00472DB5 /* Build configuration list for PBXNativeTarget "Twittler" */ = {
			isa = XCConfigurationList;
			buildConfigurations = (
				2DAD434F1EA2D05F00472DB5 /* Debug */,
				2DAD43501EA2D05F00472DB5 /* Release */,
			);
			defaultConfigurationIsVisible = 0;
			defaultConfigurationName = Release;
		};
/* End XCConfigurationList section */
	};
	rootObject = 2DAD43341EA2D05F00472DB5 /* Project object */;
}
